{
  "name": "variables-boilerplate",
  "version": "1.0.0",
  "lockfileVersion": 2,
  "requires": true,
  "packages": {
    "": {
      "name": "variables-boilerplate",
      "version": "1.0.0",
      "dependencies": {
        "@create-figma-plugin/ui": "^2.6.1",
        "figma-plugin-ds": "^1.0.1",
        "preact": "^10.17.1"
      },
      "devDependencies": {
        "@figma/plugin-typings": "^1.76.0",
        "typescript": "*"
      }
    },
    "node_modules/@create-figma-plugin/ui": {
      "version": "2.6.1",
      "resolved": "https://nexus.appfire.com/repository/appfire-npm/@create-figma-plugin/ui/-/ui-2.6.1.tgz",
      "integrity": "sha512-22BlXYqh5gnCc2Z4W077dNQuMfvIZzPtzr+4hCzanTG4b+8QUNM5X1u/gOQfvG7LqIJNDk5ZzqJuwfLGTfSxVw==",
      "license": "MIT",
      "dependencies": {
        "@create-figma-plugin/utilities": "^2.6.1"
      },
      "engines": {
        "node": ">=18"
      },
      "peerDependencies": {
        "preact": ">=10"
      }
    },
    "node_modules/@create-figma-plugin/utilities": {
      "version": "2.6.1",
      "resolved": "https://nexus.appfire.com/repository/appfire-npm/@create-figma-plugin/utilities/-/utilities-2.6.1.tgz",
      "integrity": "sha512-Zd4sxIogl2IVLmOIWdcyAav3SwzTzAAMNkWY9DuSkder6kq5M79+AdSJ9q1ETCsCiBysakJ5BPaiVOBRAjfuFQ==",
      "license": "MIT",
      "dependencies": {
        "hex-rgb": "^5.0.0",
        "natural-compare-lite": "1.4.0",
        "rgb-hex": "^4.0.1"
      },
      "engines": {
        "node": ">=18"
      }
    },
    "node_modules/@figma/plugin-typings": {
      "version": "1.76.0",
      "resolved": "https://nexus.appfire.com/repository/appfire-npm/@figma/plugin-typings/-/plugin-typings-1.76.0.tgz",
      "integrity": "sha512-fGYPJJx9dIYf0X/ZaUjrNjhpmkv7XJzMj0C2GZjSje1wYfGWvddM07mXiS9NRQ+Ikrq0qim1bf6WZZmgL83ZEA==",
      "dev": true,
      "license": "MIT License"
    },
    "node_modules/figma-plugin-ds": {
      "version": "1.0.1",
      "resolved": "https://nexus.appfire.com/repository/appfire-npm/figma-plugin-ds/-/figma-plugin-ds-1.0.1.tgz",
      "integrity": "sha512-j1/mcHeYx8IRzdLbNyqo9PQXqtI3ujN/RfjuXFS7OintJojuXG2GuaL8COzqAH66ZPXx4aFHMkqRjbBaudBCpA==",
      "license": "ISC"
    },
    "node_modules/hex-rgb": {
      "version": "5.0.0",
      "resolved": "https://nexus.appfire.com/repository/appfire-npm/hex-rgb/-/hex-rgb-5.0.0.tgz",
      "integrity": "sha512-NQO+lgVUCtHxZ792FodgW0zflK+ozS9X9dwGp9XvvmPlH7pyxd588cn24TD3rmPm/N0AIRXF10Otah8yKqGw4w==",
      "license": "MIT",
      "engines": {
        "node": ">=12"
      },
      "funding": {
        "url": "https://github.com/sponsors/sindresorhus"
      }
    },
    "node_modules/natural-compare-lite": {
      "version": "1.4.0",
      "resolved": "https://nexus.appfire.com/repository/appfire-npm/natural-compare-lite/-/natural-compare-lite-1.4.0.tgz",
      "integrity": "sha512-Tj+HTDSJJKaZnfiuw+iaF9skdPpTo2GtEly5JHnWV/hfv2Qj/9RKsGISQtLh2ox3l5EAGw487hnBee0sIJ6v2g==",
      "license": "MIT"
    },
    "node_modules/preact": {
      "version": "10.17.1",
      "resolved": "https://nexus.appfire.com/repository/appfire-npm/preact/-/preact-10.17.1.tgz",
      "integrity": "sha512-X9BODrvQ4Ekwv9GURm9AKAGaomqXmip7NQTZgY7gcNmr7XE83adOMJvd3N42id1tMFU7ojiynRsYnY6/BRFxLA==",
      "license": "MIT",
      "funding": {
        "type": "opencollective",
        "url": "https://opencollective.com/preact"
      }
    },
    "node_modules/rgb-hex": {
      "version": "4.1.0",
      "resolved": "https://nexus.appfire.com/repository/appfire-npm/rgb-hex/-/rgb-hex-4.1.0.tgz",
      "integrity": "sha512-UZLM57BW09Yi9J1R3OP8B1yCbbDK3NT8BDtihGZkGkGEs2b6EaV85rsfJ6yK4F+8UbxFFmfA+9xHT5ZWhN1gDQ==",
      "license": "MIT",
      "engines": {
        "node": ">=12"
      },
      "funding": {
        "url": "https://github.com/sponsors/sindresorhus"
      }
    },
    "node_modules/typescript": {
      "version": "5.2.2",
      "resolved": "https://nexus.appfire.com/repository/appfire-npm/typescript/-/typescript-5.2.2.tgz",
      "integrity": "sha512-mI4WrpHsbCIcwT9cF4FZvr80QUeKvsUsUvKDoR+X/7XHQH98xYD8YHZg7ANtz2GtZt/CBq2QJ0thkGJMHfqc1w==",
      "dev": true,
      "license": "Apache-2.0",
      "bin": {
        "tsc": "bin/tsc",
        "tsserver": "bin/tsserver"
      },
      "engines": {
        "node": ">=14.17"
      }
    }
  },
  "dependencies": {
    "@create-figma-plugin/ui": {
      "version": "2.6.1",
      "resolved": "https://nexus.appfire.com/repository/appfire-npm/@create-figma-plugin/ui/-/ui-2.6.1.tgz",
      "integrity": "sha512-22BlXYqh5gnCc2Z4W077dNQuMfvIZzPtzr+4hCzanTG4b+8QUNM5X1u/gOQfvG7LqIJNDk5ZzqJuwfLGTfSxVw==",
      "requires": {
        "@create-figma-plugin/utilities": "^2.6.1"
      }
    },
    "@create-figma-plugin/utilities": {
      "version": "2.6.1",
      "resolved": "https://nexus.appfire.com/repository/appfire-npm/@create-figma-plugin/utilities/-/utilities-2.6.1.tgz",
      "integrity": "sha512-Zd4sxIogl2IVLmOIWdcyAav3SwzTzAAMNkWY9DuSkder6kq5M79+AdSJ9q1ETCsCiBysakJ5BPaiVOBRAjfuFQ==",
      "requires": {
        "hex-rgb": "^5.0.0",
        "natural-compare-lite": "1.4.0",
        "rgb-hex": "^4.0.1"
      }
    },
    "@figma/plugin-typings": {
      "version": "1.76.0",
      "resolved": "https://nexus.appfire.com/repository/appfire-npm/@figma/plugin-typings/-/plugin-typings-1.76.0.tgz",
      "integrity": "sha512-fGYPJJx9dIYf0X/ZaUjrNjhpmkv7XJzMj0C2GZjSje1wYfGWvddM07mXiS9NRQ+Ikrq0qim1bf6WZZmgL83ZEA==",
      "dev": true
    },
    "figma-plugin-ds": {
      "version": "1.0.1",
      "resolved": "https://nexus.appfire.com/repository/appfire-npm/figma-plugin-ds/-/figma-plugin-ds-1.0.1.tgz",
      "integrity": "sha512-j1/mcHeYx8IRzdLbNyqo9PQXqtI3ujN/RfjuXFS7OintJojuXG2GuaL8COzqAH66ZPXx4aFHMkqRjbBaudBCpA=="
    },
    "hex-rgb": {
      "version": "5.0.0",
      "resolved": "https://nexus.appfire.com/repository/appfire-npm/hex-rgb/-/hex-rgb-5.0.0.tgz",
      "integrity": "sha512-NQO+lgVUCtHxZ792FodgW0zflK+ozS9X9dwGp9XvvmPlH7pyxd588cn24TD3rmPm/N0AIRXF10Otah8yKqGw4w=="
    },
    "natural-compare-lite": {
      "version": "1.4.0",
      "resolved": "https://nexus.appfire.com/repository/appfire-npm/natural-compare-lite/-/natural-compare-lite-1.4.0.tgz",
      "integrity": "sha512-Tj+HTDSJJKaZnfiuw+iaF9skdPpTo2GtEly5JHnWV/hfv2Qj/9RKsGISQtLh2ox3l5EAGw487hnBee0sIJ6v2g=="
    },
    "preact": {
      "version": "10.17.1",
      "resolved": "https://nexus.appfire.com/repository/appfire-npm/preact/-/preact-10.17.1.tgz",
      "integrity": "sha512-X9BODrvQ4Ekwv9GURm9AKAGaomqXmip7NQTZgY7gcNmr7XE83adOMJvd3N42id1tMFU7ojiynRsYnY6/BRFxLA=="
    },
    "rgb-hex": {
      "version": "4.1.0",
      "resolved": "https://nexus.appfire.com/repository/appfire-npm/rgb-hex/-/rgb-hex-4.1.0.tgz",
      "integrity": "sha512-UZLM57BW09Yi9J1R3OP8B1yCbbDK3NT8BDtihGZkGkGEs2b6EaV85rsfJ6yK4F+8UbxFFmfA+9xHT5ZWhN1gDQ=="
    },
    "typescript": {
      "version": "5.2.2",
      "resolved": "https://nexus.appfire.com/repository/appfire-npm/typescript/-/typescript-5.2.2.tgz",
      "integrity": "sha512-mI4WrpHsbCIcwT9cF4FZvr80QUeKvsUsUvKDoR+X/7XHQH98xYD8YHZg7ANtz2GtZt/CBq2QJ0thkGJMHfqc1w==",
      "dev": true
    }
  }
}
